
Microsoft Visual Studio Solution File, Format Version 12.00
# Visual Studio Version 17
VisualStudioVersion = 17.4.33205.214
MinimumVisualStudioVersion = 10.0.40219.1
Project("{FAE04EC0-301F-11D3-BF4B-00C04F79EFBC}") = "FinalProject", "FinalProject.csproj", "{6A0B27F5-5647-45ED-9B31-61805514866E}"
EndProject
Global
	GlobalSection(SolutionConfigurationPlatforms) = preSolution
		Debug|Any CPU = Debug|Any CPU
		Release|Any CPU = Release|Any CPU
	EndGlobalSection
	GlobalSection(ProjectConfigurationPlatforms) = postSolution
		{6A0B27F5-5647-45ED-9B31-61805514866E}.Debug|Any CPU.ActiveCfg = Debug|Any CPU
		{6A0B27F5-5647-45ED-9B31-61805514866E}.Debug|Any CPU.Build.0 = Debug|Any CPU
		{6A0B27F5-5647-45ED-9B31-61805514866E}.Release|Any CPU.ActiveCfg = Release|Any CPU
		{6A0B27F5-5647-45ED-9B31-61805514866E}.Release|Any CPU.Build.0 = Release|Any CPU
	EndGlobalSection
	GlobalSection(SolutionProperties) = preSolution
		HideSolutionNode = FALSE
	EndGlobalSection
	GlobalSection(ExtensibilityGlobals) = postSolution
		SolutionGuid = {F31AC39B-99CD-4CC9-8BE9-FB61624FFA88}
	EndGlobalSection
EndGlobal
